
Microsoft Visual Studio Solution File, Format Version 12.00
# Visual Studio Version 16
VisualStudioVersion = 16.0.31025.194
MinimumVisualStudioVersion = 10.0.40219.1
Project("{FAE04EC0-301F-11D3-BF4B-00C04F79EFBC}") = "Kartkówka2", "Kartkówka2.csproj", "{993FA730-2719-46AF-9D5E-95BC76CF969E}"
EndProject
Project("{FAE04EC0-301F-11D3-BF4B-00C04F79EFBC}") = "UnitTestProject1", "..\UnitTestProject1\UnitTestProject1.csproj", "{6CA59925-DB42-4615-88D1-9D1AB6247770}"
EndProject
Global
	GlobalSection(SolutionConfigurationPlatforms) = preSolution
		Debug|Any CPU = Debug|Any CPU
		Release|Any CPU = Release|Any CPU
	EndGlobalSection
	GlobalSection(ProjectConfigurationPlatforms) = postSolution
		{993FA730-2719-46AF-9D5E-95BC76CF969E}.Debug|Any CPU.ActiveCfg = Debug|Any CPU
		{993FA730-2719-46AF-9D5E-95BC76CF969E}.Debug|Any CPU.Build.0 = Debug|Any CPU
		{993FA730-2719-46AF-9D5E-95BC76CF969E}.Release|Any CPU.ActiveCfg = Release|Any CPU
		{993FA730-2719-46AF-9D5E-95BC76CF969E}.Release|Any CPU.Build.0 = Release|Any CPU
		{6CA59925-DB42-4615-88D1-9D1AB6247770}.Debug|Any CPU.ActiveCfg = Debug|Any CPU
		{6CA59925-DB42-4615-88D1-9D1AB6247770}.Debug|Any CPU.Build.0 = Debug|Any CPU
		{6CA59925-DB42-4615-88D1-9D1AB6247770}.Release|Any CPU.ActiveCfg = Release|Any CPU
		{6CA59925-DB42-4615-88D1-9D1AB6247770}.Release|Any CPU.Build.0 = Release|Any CPU
	EndGlobalSection
	GlobalSection(SolutionProperties) = preSolution
		HideSolutionNode = FALSE
	EndGlobalSection
	GlobalSection(ExtensibilityGlobals) = postSolution
		SolutionGuid = {696B1781-C9E7-4091-9B43-76CB7B5086F5}
	EndGlobalSection
EndGlobal
